
Microsoft Visual Studio Solution File, Format Version 12.00
# Visual Studio 15
VisualStudioVersion = 15.0.27130.2010
MinimumVisualStudioVersion = 10.0.40219.1
Project("{FAE04EC0-301F-11D3-BF4B-00C04F79EFBC}") = "BennysApp.Android", "BennysApp\BennysApp.Android\BennysApp.Android.csproj", "{CFBCBFF2-C469-4D29-B9AB-B5E27F242B98}"
EndProject
Project("{9A19103F-16F7-4668-BE54-9A1E7A4F7556}") = "BennysApp", "BennysApp\BennysApp\BennysApp.csproj", "{386EE575-F64B-4F06-B21A-A8E09A984EA0}"
EndProject
Global
	GlobalSection(SolutionConfigurationPlatforms) = preSolution
		Ad-Hoc|Any CPU = Ad-Hoc|Any CPU
		Ad-Hoc|iPhone = Ad-Hoc|iPhone
		Ad-Hoc|iPhoneSimulator = Ad-Hoc|iPhoneSimulator
		AppStore|Any CPU = AppStore|Any CPU
		AppStore|iPhone = AppStore|iPhone
		AppStore|iPhoneSimulator = AppStore|iPhoneSimulator
		Debug|Any CPU = Debug|Any CPU
		Debug|iPhone = Debug|iPhone
		Debug|iPhoneSimulator = Debug|iPhoneSimulator
		Publish|Any CPU = Publish|Any CPU
		Publish|iPhone = Publish|iPhone
		Publish|iPhoneSimulator = Publish|iPhoneSimulator
		Release|Any CPU = Release|Any CPU
		Release|iPhone = Release|iPhone
		Release|iPhoneSimulator = Release|iPhoneSimulator
	EndGlobalSection
	GlobalSection(ProjectConfigurationPlatforms) = postSolution
		{CFBCBFF2-C469-4D29-B9AB-B5E27F242B98}.Ad-Hoc|Any CPU.ActiveCfg = Release|Any CPU
		{CFBCBFF2-C469-4D29-B9AB-B5E27F242B98}.Ad-Hoc|Any CPU.Build.0 = Release|Any CPU
		{CFBCBFF2-C469-4D29-B9AB-B5E27F242B98}.Ad-Hoc|Any CPU.Deploy.0 = Release|Any CPU
		{CFBCBFF2-C469-4D29-B9AB-B5E27F242B98}.Ad-Hoc|iPhone.ActiveCfg = Release|Any CPU
		{CFBCBFF2-C469-4D29-B9AB-B5E27F242B98}.Ad-Hoc|iPhone.Build.0 = Release|Any CPU
		{CFBCBFF2-C469-4D29-B9AB-B5E27F242B98}.Ad-Hoc|iPhone.Deploy.0 = Release|Any CPU
		{CFBCBFF2-C469-4D29-B9AB-B5E27F242B98}.Ad-Hoc|iPhoneSimulator.ActiveCfg = Release|Any CPU
		{CFBCBFF2-C469-4D29-B9AB-B5E27F242B98}.Ad-Hoc|iPhoneSimulator.Build.0 = Release|Any CPU
		{CFBCBFF2-C469-4D29-B9AB-B5E27F242B98}.Ad-Hoc|iPhoneSimulator.Deploy.0 = Release|Any CPU
		{CFBCBFF2-C469-4D29-B9AB-B5E27F242B98}.AppStore|Any CPU.ActiveCfg = Release|Any CPU
		{CFBCBFF2-C469-4D29-B9AB-B5E27F242B98}.AppStore|Any CPU.Build.0 = Release|Any CPU
		{CFBCBFF2-C469-4D29-B9AB-B5E27F242B98}.AppStore|Any CPU.Deploy.0 = Release|Any CPU
		{CFBCBFF2-C469-4D29-B9AB-B5E27F242B98}.AppStore|iPhone.ActiveCfg = Release|Any CPU
		{CFBCBFF2-C469-4D29-B9AB-B5E27F242B98}.AppStore|iPhone.Build.0 = Release|Any CPU
		{CFBCBFF2-C469-4D29-B9AB-B5E27F242B98}.AppStore|iPhone.Deploy.0 = Release|Any CPU
		{CFBCBFF2-C469-4D29-B9AB-B5E27F242B98}.AppStore|iPhoneSimulator.ActiveCfg = Release|Any CPU
		{CFBCBFF2-C469-4D29-B9AB-B5E27F242B98}.AppStore|iPhoneSimulator.Build.0 = Release|Any CPU
		{CFBCBFF2-C469-4D29-B9AB-B5E27F242B98}.AppStore|iPhoneSimulator.Deploy.0 = Release|Any CPU
		{CFBCBFF2-C469-4D29-B9AB-B5E27F242B98}.Debug|Any CPU.ActiveCfg = Debug|Any CPU
		{CFBCBFF2-C469-4D29-B9AB-B5E27F242B98}.Debug|Any CPU.Build.0 = Debug|Any CPU
		{CFBCBFF2-C469-4D29-B9AB-B5E27F242B98}.Debug|Any CPU.Deploy.0 = Debug|Any CPU
		{CFBCBFF2-C469-4D29-B9AB-B5E27F242B98}.Debug|iPhone.ActiveCfg = Debug|Any CPU
		{CFBCBFF2-C469-4D29-B9AB-B5E27F242B98}.Debug|iPhone.Build.0 = Debug|Any CPU
		{CFBCBFF2-C469-4D29-B9AB-B5E27F242B98}.Debug|iPhone.Deploy.0 = Debug|Any CPU
		{CFBCBFF2-C469-4D29-B9AB-B5E27F242B98}.Debug|iPhoneSimulator.ActiveCfg = Debug|Any CPU
		{CFBCBFF2-C469-4D29-B9AB-B5E27F242B98}.Debug|iPhoneSimulator.Build.0 = Debug|Any CPU
		{CFBCBFF2-C469-4D29-B9AB-B5E27F242B98}.Debug|iPhoneSimulator.Deploy.0 = Debug|Any CPU
		{CFBCBFF2-C469-4D29-B9AB-B5E27F242B98}.Publish|Any CPU.ActiveCfg = Release|Any CPU
		{CFBCBFF2-C469-4D29-B9AB-B5E27F242B98}.Publish|Any CPU.Build.0 = Release|Any CPU
		{CFBCBFF2-C469-4D29-B9AB-B5E27F242B98}.Publish|Any CPU.Deploy.0 = Release|Any CPU
		{CFBCBFF2-C469-4D29-B9AB-B5E27F242B98}.Publish|iPhone.ActiveCfg = Publish|Any CPU
		{CFBCBFF2-C469-4D29-B9AB-B5E27F242B98}.Publish|iPhone.Build.0 = Publish|Any CPU
		{CFBCBFF2-C469-4D29-B9AB-B5E27F242B98}.Publish|iPhone.Deploy.0 = Publish|Any CPU
		{CFBCBFF2-C469-4D29-B9AB-B5E27F242B98}.Publish|iPhoneSimulator.ActiveCfg = Publish|Any CPU
		{CFBCBFF2-C469-4D29-B9AB-B5E27F242B98}.Publish|iPhoneSimulator.Build.0 = Publish|Any CPU
		{CFBCBFF2-C469-4D29-B9AB-B5E27F242B98}.Publish|iPhoneSimulator.Deploy.0 = Publish|Any CPU
		{CFBCBFF2-C469-4D29-B9AB-B5E27F242B98}.Release|Any CPU.ActiveCfg = Release|Any CPU
		{CFBCBFF2-C469-4D29-B9AB-B5E27F242B98}.Release|Any CPU.Build.0 = Release|Any CPU
		{CFBCBFF2-C469-4D29-B9AB-B5E27F242B98}.Release|Any CPU.Deploy.0 = Release|Any CPU
		{CFBCBFF2-C469-4D29-B9AB-B5E27F242B98}.Release|iPhone.ActiveCfg = Release|Any CPU
		{CFBCBFF2-C469-4D29-B9AB-B5E27F242B98}.Release|iPhone.Build.0 = Release|Any CPU
		{CFBCBFF2-C469-4D29-B9AB-B5E27F242B98}.Release|iPhone.Deploy.0 = Release|Any CPU
		{CFBCBFF2-C469-4D29-B9AB-B5E27F242B98}.Release|iPhoneSimulator.ActiveCfg = Release|Any CPU
		{CFBCBFF2-C469-4D29-B9AB-B5E27F242B98}.Release|iPhoneSimulator.Build.0 = Release|Any CPU
		{CFBCBFF2-C469-4D29-B9AB-B5E27F242B98}.Release|iPhoneSimulator.Deploy.0 = Release|Any CPU
		{386EE575-F64B-4F06-B21A-A8E09A984EA0}.Ad-Hoc|Any CPU.ActiveCfg = Debug|Any CPU
		{386EE575-F64B-4F06-B21A-A8E09A984EA0}.Ad-Hoc|Any CPU.Build.0 = Debug|Any CPU
		{386EE575-F64B-4F06-B21A-A8E09A984EA0}.Ad-Hoc|iPhone.ActiveCfg = Debug|Any CPU
		{386EE575-F64B-4F06-B21A-A8E09A984EA0}.Ad-Hoc|iPhone.Build.0 = Debug|Any CPU
		{386EE575-F64B-4F06-B21A-A8E09A984EA0}.Ad-Hoc|iPhoneSimulator.ActiveCfg = Debug|Any CPU
		{386EE575-F64B-4F06-B21A-A8E09A984EA0}.Ad-Hoc|iPhoneSimulator.Build.0 = Debug|Any CPU
		{386EE575-F64B-4F06-B21A-A8E09A984EA0}.AppStore|Any CPU.ActiveCfg = Debug|Any CPU
		{386EE575-F64B-4F06-B21A-A8E09A984EA0}.AppStore|Any CPU.Build.0 = Debug|Any CPU
		{386EE575-F64B-4F06-B21A-A8E09A984EA0}.AppStore|iPhone.ActiveCfg = Debug|Any CPU
		{386EE575-F64B-4F06-B21A-A8E09A984EA0}.AppStore|iPhone.Build.0 = Debug|Any CPU
		{386EE575-F64B-4F06-B21A-A8E09A984EA0}.AppStore|iPhoneSimulator.ActiveCfg = Debug|Any CPU
		{386EE575-F64B-4F06-B21A-A8E09A984EA0}.AppStore|iPhoneSimulator.Build.0 = Debug|Any CPU
		{386EE575-F64B-4F06-B21A-A8E09A984EA0}.Debug|Any CPU.ActiveCfg = Debug|Any CPU
		{386EE575-F64B-4F06-B21A-A8E09A984EA0}.Debug|Any CPU.Build.0 = Debug|Any CPU
		{386EE575-F64B-4F06-B21A-A8E09A984EA0}.Debug|iPhone.ActiveCfg = Debug|Any CPU
		{386EE575-F64B-4F06-B21A-A8E09A984EA0}.Debug|iPhone.Build.0 = Debug|Any CPU
		{386EE575-F64B-4F06-B21A-A8E09A984EA0}.Debug|iPhoneSimulator.ActiveCfg = Debug|Any CPU
		{386EE575-F64B-4F06-B21A-A8E09A984EA0}.Debug|iPhoneSimulator.Build.0 = Debug|Any CPU
		{386EE575-F64B-4F06-B21A-A8E09A984EA0}.Publish|Any CPU.ActiveCfg = Release|Any CPU
		{386EE575-F64B-4F06-B21A-A8E09A984EA0}.Publish|Any CPU.Build.0 = Release|Any CPU
		{386EE575-F64B-4F06-B21A-A8E09A984EA0}.Publish|iPhone.ActiveCfg = Publish|Any CPU
		{386EE575-F64B-4F06-B21A-A8E09A984EA0}.Publish|iPhone.Build.0 = Publish|Any CPU
		{386EE575-F64B-4F06-B21A-A8E09A984EA0}.Publish|iPhoneSimulator.ActiveCfg = Publish|Any CPU
		{386EE575-F64B-4F06-B21A-A8E09A984EA0}.Publish|iPhoneSimulator.Build.0 = Publish|Any CPU
		{386EE575-F64B-4F06-B21A-A8E09A984EA0}.Release|Any CPU.ActiveCfg = Release|Any CPU
		{386EE575-F64B-4F06-B21A-A8E09A984EA0}.Release|Any CPU.Build.0 = Release|Any CPU
		{386EE575-F64B-4F06-B21A-A8E09A984EA0}.Release|iPhone.ActiveCfg = Release|Any CPU
		{386EE575-F64B-4F06-B21A-A8E09A984EA0}.Release|iPhone.Build.0 = Release|Any CPU
		{386EE575-F64B-4F06-B21A-A8E09A984EA0}.Release|iPhoneSimulator.ActiveCfg = Release|Any CPU
		{386EE575-F64B-4F06-B21A-A8E09A984EA0}.Release|iPhoneSimulator.Build.0 = Release|Any CPU
	EndGlobalSection
	GlobalSection(SolutionProperties) = preSolution
		HideSolutionNode = FALSE
	EndGlobalSection
	GlobalSection(ExtensibilityGlobals) = postSolution
		SolutionGuid = {429F9E9C-420D-4668-9DD9-1772DD86415D}
	EndGlobalSection
EndGlobal
